speakeasyVersion: 1.660.0
sources:
    Proveapi-OAS:
        sourceNamespace: proveapi-oas
        sourceRevisionDigest: sha256:82e49e62968cb336f97baeb634219371a15bd058eecef5871b56e3bd870590b6
        sourceBlobDigest: sha256:3cc4022111ea0199004a3075878376cd4107e37ce9585daf5dee1cb213116409
        tags:
            - latest
            - speakeasy-sdk-regen-1764021711
            - 1.0.0
targets:
    proveapi:
        source: Proveapi-OAS
        sourceNamespace: proveapi-oas
        sourceRevisionDigest: sha256:82e49e62968cb336f97baeb634219371a15bd058eecef5871b56e3bd870590b6
        sourceBlobDigest: sha256:3cc4022111ea0199004a3075878376cd4107e37ce9585daf5dee1cb213116409
        codeSamplesNamespace: proveapi-oas-csharp-code-samples
        codeSamplesRevisionDigest: sha256:c573a78aedbe4a5e1715f509d5639eef340a0f6e966d9e978874a71bcb538a55
workflow:
    workflowVersion: 1.0.0
    speakeasyVersion: latest
    sources:
        Proveapi-OAS:
            inputs:
                - location: https://raw.githubusercontent.com/payfone/prove-openapi/refs/heads/main/orchestration.yaml
                  authHeader: Authorization
                  authSecret: $OPENAPI_DOC_AUTH_TOKEN
            registry:
                location: registry.speakeasyapi.dev/prove/prove-dev/proveapi-oas
    targets:
        proveapi:
            target: csharp
            source: Proveapi-OAS
            publish:
                nuget:
                    apiKey: $nuget_api_key
            codeSamples:
                output: codeSamples.yaml
                registry:
                    location: registry.speakeasyapi.dev/prove/prove-dev/proveapi-oas-csharp-code-samples
                labelOverride:
                    fixedValue: Csharp (SDK)
                blocking: false
