speakeasyVersion: 1.761.9
sources:
    Proveapi-OAS:
        sourceNamespace: proveapi-oas
        sourceRevisionDigest: sha256:252e449c272ada79ae9b5c66a2cc9c39439f7a08e62abfc12273893f0f055dd3
        sourceBlobDigest: sha256:083b8441b9bec582b12ce69f50caeafca0b0f1277d34b3866c83a538b73059d3
        tags:
            - latest
            - 1.0.0
targets:
    proveapi:
        source: Proveapi-OAS
        sourceNamespace: proveapi-oas
        sourceRevisionDigest: sha256:252e449c272ada79ae9b5c66a2cc9c39439f7a08e62abfc12273893f0f055dd3
        sourceBlobDigest: sha256:083b8441b9bec582b12ce69f50caeafca0b0f1277d34b3866c83a538b73059d3
        codeSamplesNamespace: proveapi-oas-csharp-code-samples
        codeSamplesRevisionDigest: sha256:48d2635de3b2ec3da23aeb0fa48172028f0d006c8ddc47e6c6a4c6591c0cbb72
workflow:
    workflowVersion: 1.0.0
    speakeasyVersion: latest
    sources:
        Proveapi-OAS:
            inputs:
                - location: https://raw.githubusercontent.com/payfone/prove-openapi/refs/heads/main/orchestration.yaml
                  authHeader: Authorization
                  authSecret: $OPENAPI_DOC_AUTH_TOKEN
            registry:
                location: registry.speakeasyapi.dev/prove/prove-dev/proveapi-oas
    targets:
        proveapi:
            target: csharp
            source: Proveapi-OAS
            publish:
                nuget:
                    apiKey: $nuget_api_key
            codeSamples:
                output: codeSamples.yaml
                registry:
                    location: registry.speakeasyapi.dev/prove/prove-dev/proveapi-oas-csharp-code-samples
                labelOverride:
                    fixedValue: Csharp (SDK)
                blocking: false
