speakeasyVersion: 1.606.5
sources:
    Proveapi-OAS:
        sourceNamespace: proveapi-oas
        sourceRevisionDigest: sha256:5dded1d816b2e037f3b49d7992bcef9965521d430c1b67b1a4425d152d302c46
        sourceBlobDigest: sha256:91bc202aedbfb33f1d71ad3680d6b4912a4d935e3a11b4f31a6f5a838daecbf8
        tags:
            - latest
            - speakeasy-sdk-regen-1756151587
            - 1.0.0
targets:
    proveapi:
        source: Proveapi-OAS
        sourceNamespace: proveapi-oas
        sourceRevisionDigest: sha256:5dded1d816b2e037f3b49d7992bcef9965521d430c1b67b1a4425d152d302c46
        sourceBlobDigest: sha256:91bc202aedbfb33f1d71ad3680d6b4912a4d935e3a11b4f31a6f5a838daecbf8
        codeSamplesNamespace: proveapi-oas-csharp-code-samples
        codeSamplesRevisionDigest: sha256:5981a984cd89d32a7f790986e895df55564340ca1dcf43ea701296895f307c8c
workflow:
    workflowVersion: 1.0.0
    speakeasyVersion: latest
    sources:
        Proveapi-OAS:
            inputs:
                - location: https://raw.githubusercontent.com/payfone/prove-openapi/refs/heads/main/orchestration.yaml
                  authHeader: Authorization
                  authSecret: $OPENAPI_DOC_AUTH_TOKEN
            registry:
                location: registry.speakeasyapi.dev/prove/prove-dev/proveapi-oas
    targets:
        proveapi:
            target: csharp
            source: Proveapi-OAS
            publish:
                nuget:
                    apiKey: $nuget_api_key
            codeSamples:
                output: codeSamples.yaml
                registry:
                    location: registry.speakeasyapi.dev/prove/prove-dev/proveapi-oas-csharp-code-samples
                labelOverride:
                    fixedValue: Csharp (SDK)
                blocking: false
